
Microsoft Visual Studio Solution File, Format Version 12.00
# Visual Studio 14
VisualStudioVersion = 14.0.23107.0
MinimumVisualStudioVersion = 10.0.40219.1
Project("{FAE04EC0-301F-11D3-BF4B-00C04F79EFBC}") = "RateSetter2Qif", "RateSetter2Qif\RateSetter2Qif.csproj", "{FDB1C970-B800-4433-8F18-EE294A2ED54C}"
EndProject
Global
	GlobalSection(SolutionConfigurationPlatforms) = preSolution
		Debug|Any CPU = Debug|Any CPU
		Release|Any CPU = Release|Any CPU
	EndGlobalSection
	GlobalSection(ProjectConfigurationPlatforms) = postSolution
		{FDB1C970-B800-4433-8F18-EE294A2ED54C}.Debug|Any CPU.ActiveCfg = Debug|Any CPU
		{FDB1C970-B800-4433-8F18-EE294A2ED54C}.Debug|Any CPU.Build.0 = Debug|Any CPU
		{FDB1C970-B800-4433-8F18-EE294A2ED54C}.Release|Any CPU.ActiveCfg = Release|Any CPU
		{FDB1C970-B800-4433-8F18-EE294A2ED54C}.Release|Any CPU.Build.0 = Release|Any CPU
	EndGlobalSection
	GlobalSection(SolutionProperties) = preSolution
		HideSolutionNode = FALSE
	EndGlobalSection
EndGlobal
